// !$*UTF8*$!
{
	archiveVersion = 1;
	classes = {
	};
	objectVersion = 50;
	objects = {

/* Begin PBXBuildFile section */
		288AEDCBC07D3ECBE6205978 /* Pods_Strava.framework in Frameworks */ = {isa = PBXBuildFile; fileRef = 0E570B124066B1EAA7B2C9CE /* Pods_Strava.framework */; };
		31E21821AF24B77BA9802A0F /* Pods_StravaTests.framework in Frameworks */ = {isa = PBXBuildFile; fileRef = BC8AB352C5BC7C2885DF8BCD /* Pods_StravaTests.framework */; };
		7890649E229FC42700EE31FC /* Strava.framework in Frameworks */ = {isa = PBXBuildFile; fileRef = 78906494229FC42700EE31FC /* Strava.framework */; };
		789064A3229FC42700EE31FC /* StravaTests.swift in Sources */ = {isa = PBXBuildFile; fileRef = 789064A2229FC42700EE31FC /* StravaTests.swift */; };
		789064A5229FC42700EE31FC /* Strava.h in Headers */ = {isa = PBXBuildFile; fileRef = 78906497229FC42700EE31FC /* Strava.h */; settings = {ATTRIBUTES = (Public, ); }; };
/* End PBXBuildFile section */

/* Begin PBXContainerItemProxy section */
		7890649F229FC42700EE31FC /* PBXContainerItemProxy */ = {
			isa = PBXContainerItemProxy;
			containerPortal = 7890648B229FC42700EE31FC /* Project object */;
			proxyType = 1;
			remoteGlobalIDString = 78906493229FC42700EE31FC;
			remoteInfo = Strava;
		};
/* End PBXContainerItemProxy section */

/* Begin PBXFileReference section */
		0E570B124066B1EAA7B2C9CE /* Pods_Strava.framework */ = {isa = PBXFileReference; explicitFileType = wrapper.framework; includeInIndex = 0; path = Pods_Strava.framework; sourceTree = BUILT_PRODUCTS_DIR; };
		4C95D4B6D649825A2F6FCB7B /* Pods-StravaTests.debug.xcconfig */ = {isa = PBXFileReference; includeInIndex = 1; lastKnownFileType = text.xcconfig; name = "Pods-StravaTests.debug.xcconfig"; path = "Target Support Files/Pods-StravaTests/Pods-StravaTests.debug.xcconfig"; sourceTree = "<group>"; };
		763E5EFFCDA1004B6FA96FDE /* Pods-Strava.debug.xcconfig */ = {isa = PBXFileReference; includeInIndex = 1; lastKnownFileType = text.xcconfig; name = "Pods-Strava.debug.xcconfig"; path = "Target Support Files/Pods-Strava/Pods-Strava.debug.xcconfig"; sourceTree = "<group>"; };
		78906494229FC42700EE31FC /* Strava.framework */ = {isa = PBXFileReference; explicitFileType = wrapper.framework; includeInIndex = 0; path = Strava.framework; sourceTree = BUILT_PRODUCTS_DIR; };
		78906497229FC42700EE31FC /* Strava.h */ = {isa = PBXFileReference; lastKnownFileType = sourcecode.c.h; path = Strava.h; sourceTree = "<group>"; };
		78906498229FC42700EE31FC /* Info.plist */ = {isa = PBXFileReference; lastKnownFileType = text.plist.xml; path = Info.plist; sourceTree = "<group>"; };
		7890649D229FC42700EE31FC /* StravaTests.xctest */ = {isa = PBXFileReference; explicitFileType = wrapper.cfbundle; includeInIndex = 0; path = StravaTests.xctest; sourceTree = BUILT_PRODUCTS_DIR; };
		789064A2229FC42700EE31FC /* StravaTests.swift */ = {isa = PBXFileReference; lastKnownFileType = sourcecode.swift; path = StravaTests.swift; sourceTree = "<group>"; };
		789064A4229FC42700EE31FC /* Info.plist */ = {isa = PBXFileReference; lastKnownFileType = text.plist.xml; path = Info.plist; sourceTree = "<group>"; };
		BC8AB352C5BC7C2885DF8BCD /* Pods_StravaTests.framework */ = {isa = PBXFileReference; explicitFileType = wrapper.framework; includeInIndex = 0; path = Pods_StravaTests.framework; sourceTree = BUILT_PRODUCTS_DIR; };
		C43D19235C0937612196B661 /* Pods-Strava.release.xcconfig */ = {isa = PBXFileReference; includeInIndex = 1; lastKnownFileType = text.xcconfig; name = "Pods-Strava.release.xcconfig"; path = "Target Support Files/Pods-Strava/Pods-Strava.release.xcconfig"; sourceTree = "<group>"; };
		DF30FACB6BC39FB9802584B0 /* Pods-StravaTests.release.xcconfig */ = {isa = PBXFileReference; includeInIndex = 1; lastKnownFileType = text.xcconfig; name = "Pods-StravaTests.release.xcconfig"; path = "Target Support Files/Pods-StravaTests/Pods-StravaTests.release.xcconfig"; sourceTree = "<group>"; };
/* End PBXFileReference section */

/* Begin PBXFrameworksBuildPhase section */
		78906491229FC42700EE31FC /* Frameworks */ = {
			isa = PBXFrameworksBuildPhase;
			buildActionMask = 2147483647;
			files = (
				288AEDCBC07D3ECBE6205978 /* Pods_Strava.framework in Frameworks */,
			);
			runOnlyForDeploymentPostprocessing = 0;
		};
		7890649A229FC42700EE31FC /* Frameworks */ = {
			isa = PBXFrameworksBuildPhase;
			buildActionMask = 2147483647;
			files = (
				7890649E229FC42700EE31FC /* Strava.framework in Frameworks */,
				31E21821AF24B77BA9802A0F /* Pods_StravaTests.framework in Frameworks */,
			);
			runOnlyForDeploymentPostprocessing = 0;
		};
/* End PBXFrameworksBuildPhase section */

/* Begin PBXGroup section */
		043F3C908EDC3F4E2252F693 /* Pods */ = {
			isa = PBXGroup;
			children = (
				763E5EFFCDA1004B6FA96FDE /* Pods-Strava.debug.xcconfig */,
				C43D19235C0937612196B661 /* Pods-Strava.release.xcconfig */,
				4C95D4B6D649825A2F6FCB7B /* Pods-StravaTests.debug.xcconfig */,
				DF30FACB6BC39FB9802584B0 /* Pods-StravaTests.release.xcconfig */,
			);
			name = Pods;
			path = Pods;
			sourceTree = "<group>";
		};
		7890648A229FC42700EE31FC = {
			isa = PBXGroup;
			children = (
				78906496229FC42700EE31FC /* Strava */,
				789064A1229FC42700EE31FC /* StravaTests */,
				78906495229FC42700EE31FC /* Products */,
				043F3C908EDC3F4E2252F693 /* Pods */,
				BC74F04A60E68B140F4424D2 /* Frameworks */,
			);
			sourceTree = "<group>";
		};
		78906495229FC42700EE31FC /* Products */ = {
			isa = PBXGroup;
			children = (
				78906494229FC42700EE31FC /* Strava.framework */,
				7890649D229FC42700EE31FC /* StravaTests.xctest */,
			);
			name = Products;
			sourceTree = "<group>";
		};
		78906496229FC42700EE31FC /* Strava */ = {
			isa = PBXGroup;
			children = (
				78906497229FC42700EE31FC /* Strava.h */,
				78906498229FC42700EE31FC /* Info.plist */,
			);
			path = Strava;
			sourceTree = "<group>";
		};
		789064A1229FC42700EE31FC /* StravaTests */ = {
			isa = PBXGroup;
			children = (
				789064A2229FC42700EE31FC /* StravaTests.swift */,
				789064A4229FC42700EE31FC /* Info.plist */,
			);
			path = StravaTests;
			sourceTree = "<group>";
		};
		BC74F04A60E68B140F4424D2 /* Frameworks */ = {
			isa = PBXGroup;
			children = (
				0E570B124066B1EAA7B2C9CE /* Pods_Strava.framework */,
				BC8AB352C5BC7C2885DF8BCD /* Pods_StravaTests.framework */,
			);
			name = Frameworks;
			sourceTree = "<group>";
		};
/* End PBXGroup section */

/* Begin PBXHeadersBuildPhase section */
		7890648F229FC42700EE31FC /* Headers */ = {
			isa = PBXHeadersBuildPhase;
			buildActionMask = 2147483647;
			files = (
				789064A5229FC42700EE31FC /* Strava.h in Headers */,
			);
			runOnlyForDeploymentPostprocessing = 0;
		};
/* End PBXHeadersBuildPhase section */

/* Begin PBXNativeTarget section */
		78906493229FC42700EE31FC /* Strava */ = {
			isa = PBXNativeTarget;
			buildConfigurationList = 789064A8229FC42700EE31FC /* Build configuration list for PBXNativeTarget "Strava" */;
			buildPhases = (
				9A9511D1E74E5227E1A2F909 /* [CP] Check Pods Manifest.lock */,
				7890648F229FC42700EE31FC /* Headers */,
				78906490229FC42700EE31FC /* Sources */,
				78906491229FC42700EE31FC /* Frameworks */,
				78906492229FC42700EE31FC /* Resources */,
			);
			buildRules = (
			);
			dependencies = (
			);
			name = Strava;
			productName = Strava;
			productReference = 78906494229FC42700EE31FC /* Strava.framework */;
			productType = "com.apple.product-type.framework";
		};
		7890649C229FC42700EE31FC /* StravaTests */ = {
			isa = PBXNativeTarget;
			buildConfigurationList = 789064AB229FC42700EE31FC /* Build configuration list for PBXNativeTarget "StravaTests" */;
			buildPhases = (
				89CB6C20297B38EF0D1DE79D /* [CP] Check Pods Manifest.lock */,
				78906499229FC42700EE31FC /* Sources */,
				7890649A229FC42700EE31FC /* Frameworks */,
				7890649B229FC42700EE31FC /* Resources */,
			);
			buildRules = (
			);
			dependencies = (
				789064A0229FC42700EE31FC /* PBXTargetDependency */,
			);
			name = StravaTests;
			productName = StravaTests;
			productReference = 7890649D229FC42700EE31FC /* StravaTests.xctest */;
			productType = "com.apple.product-type.bundle.unit-test";
		};
/* End PBXNativeTarget section */

/* Begin PBXProject section */
		7890648B229FC42700EE31FC /* Project object */ = {
			isa = PBXProject;
			attributes = {
				LastSwiftUpdateCheck = 1020;
				LastUpgradeCheck = 1020;
				ORGANIZATIONNAME = "Uday Pandey";
				TargetAttributes = {
					78906493229FC42700EE31FC = {
						CreatedOnToolsVersion = 10.2.1;
					};
					7890649C229FC42700EE31FC = {
						CreatedOnToolsVersion = 10.2.1;
					};
				};
			};
			buildConfigurationList = 7890648E229FC42700EE31FC /* Build configuration list for PBXProject "Strava" */;
			compatibilityVersion = "Xcode 9.3";
			developmentRegion = en;
			hasScannedForEncodings = 0;
			knownRegions = (
				en,
			);
			mainGroup = 7890648A229FC42700EE31FC;
			productRefGroup = 78906495229FC42700EE31FC /* Products */;
			projectDirPath = "";
			projectRoot = "";
			targets = (
				78906493229FC42700EE31FC /* Strava */,
				7890649C229FC42700EE31FC /* StravaTests */,
			);
		};
/* End PBXProject section */

/* Begin PBXResourcesBuildPhase section */
		78906492229FC42700EE31FC /* Resources */ = {
			isa = PBXResourcesBuildPhase;
			buildActionMask = 2147483647;
			files = (
			);
			runOnlyForDeploymentPostprocessing = 0;
		};
		7890649B229FC42700EE31FC /* Resources */ = {
			isa = PBXResourcesBuildPhase;
			buildActionMask = 2147483647;
			files = (
			);
			runOnlyForDeploymentPostprocessing = 0;
		};
/* End PBXResourcesBuildPhase section */

/* Begin PBXShellScriptBuildPhase section */
		89CB6C20297B38EF0D1DE79D /* [CP] Check Pods Manifest.lock */ = {
			isa = PBXShellScriptBuildPhase;
			buildActionMask = 2147483647;
			files = (
			);
			inputFileListPaths = (
			);
			inputPaths = (
				"${PODS_PODFILE_DIR_PATH}/Podfile.lock",
				"${PODS_ROOT}/Manifest.lock",
			);
			name = "[CP] Check Pods Manifest.lock";
			outputFileListPaths = (
			);
			outputPaths = (
				"$(DERIVED_FILE_DIR)/Pods-StravaTests-checkManifestLockResult.txt",
			);
			runOnlyForDeploymentPostprocessing = 0;
			shellPath = /bin/sh;
			shellScript = "diff \"${PODS_PODFILE_DIR_PATH}/Podfile.lock\" \"${PODS_ROOT}/Manifest.lock\" > /dev/null\nif [ $? != 0 ] ; then\n    # print error to STDERR\n    echo \"error: The sandbox is not in sync with the Podfile.lock. Run 'pod install' or update your CocoaPods installation.\" >&2\n    exit 1\nfi\n# This output is used by Xcode 'outputs' to avoid re-running this script phase.\necho \"SUCCESS\" > \"${SCRIPT_OUTPUT_FILE_0}\"\n";
			showEnvVarsInLog = 0;
		};
		9A9511D1E74E5227E1A2F909 /* [CP] Check Pods Manifest.lock */ = {
			isa = PBXShellScriptBuildPhase;
			buildActionMask = 2147483647;
			files = (
			);
			inputFileListPaths = (
			);
			inputPaths = (
				"${PODS_PODFILE_DIR_PATH}/Podfile.lock",
				"${PODS_ROOT}/Manifest.lock",
			);
			name = "[CP] Check Pods Manifest.lock";
			outputFileListPaths = (
			);
			outputPaths = (
				"$(DERIVED_FILE_DIR)/Pods-Strava-checkManifestLockResult.txt",
			);
			runOnlyForDeploymentPostprocessing = 0;
			shellPath = /bin/sh;
			shellScript = "diff \"${PODS_PODFILE_DIR_PATH}/Podfile.lock\" \"${PODS_ROOT}/Manifest.lock\" > /dev/null\nif [ $? != 0 ] ; then\n    # print error to STDERR\n    echo \"error: The sandbox is not in sync with the Podfile.lock. Run 'pod install' or update your CocoaPods installation.\" >&2\n    exit 1\nfi\n# This output is used by Xcode 'outputs' to avoid re-running this script phase.\necho \"SUCCESS\" > \"${SCRIPT_OUTPUT_FILE_0}\"\n";
			showEnvVarsInLog = 0;
		};
/* End PBXShellScriptBuildPhase section */

/* Begin PBXSourcesBuildPhase section */
		78906490229FC42700EE31FC /* Sources */ = {
			isa = PBXSourcesBuildPhase;
			buildActionMask = 2147483647;
			files = (
			);
			runOnlyForDeploymentPostprocessing = 0;
		};
		78906499229FC42700EE31FC /* Sources */ = {
			isa = PBXSourcesBuildPhase;
			buildActionMask = 2147483647;
			files = (
				789064A3229FC42700EE31FC /* StravaTests.swift in Sources */,
			);
			runOnlyForDeploymentPostprocessing = 0;
		};
/* End PBXSourcesBuildPhase section */

/* Begin PBXTargetDependency section */
		789064A0229FC42700EE31FC /* PBXTargetDependency */ = {
			isa = PBXTargetDependency;
			target = 78906493229FC42700EE31FC /* Strava */;
			targetProxy = 7890649F229FC42700EE31FC /* PBXContainerItemProxy */;
		};
/* End PBXTargetDependency section */

/* Begin XCBuildConfiguration section */
		789064A6229FC42700EE31FC /* Debug */ = {
			isa = XCBuildConfiguration;
			buildSettings = {
				ALWAYS_SEARCH_USER_PATHS = NO;
				CLANG_ANALYZER_NONNULL = YES;
				CLANG_ANALYZER_NUMBER_OBJECT_CONVERSION = YES_AGGRESSIVE;
				CLANG_CXX_LANGUAGE_STANDARD = "gnu++14";
				CLANG_CXX_LIBRARY = "libc++";
				CLANG_ENABLE_MODULES = YES;
				CLANG_ENABLE_OBJC_ARC = YES;
				CLANG_ENABLE_OBJC_WEAK = YES;
				CLANG_WARN_BLOCK_CAPTURE_AUTORELEASING = YES;
				CLANG_WARN_BOOL_CONVERSION = YES;
				CLANG_WARN_COMMA = YES;
				CLANG_WARN_CONSTANT_CONVERSION = YES;
				CLANG_WARN_DEPRECATED_OBJC_IMPLEMENTATIONS = YES;
				CLANG_WARN_DIRECT_OBJC_ISA_USAGE = YES_ERROR;
				CLANG_WARN_DOCUMENTATION_COMMENTS = YES;
				CLANG_WARN_EMPTY_BODY = YES;
				CLANG_WARN_ENUM_CONVERSION = YES;
				CLANG_WARN_INFINITE_RECURSION = YES;
				CLANG_WARN_INT_CONVERSION = YES;
				CLANG_WARN_NON_LITERAL_NULL_CONVERSION = YES;
				CLANG_WARN_OBJC_IMPLICIT_RETAIN_SELF = YES;
				CLANG_WARN_OBJC_LITERAL_CONVERSION = YES;
				CLANG_WARN_OBJC_ROOT_CLASS = YES_ERROR;
				CLANG_WARN_RANGE_LOOP_ANALYSIS = YES;
				CLANG_WARN_STRICT_PROTOTYPES = YES;
				CLANG_WARN_SUSPICIOUS_MOVE = YES;
				CLANG_WARN_UNGUARDED_AVAILABILITY = YES_AGGRESSIVE;
				CLANG_WARN_UNREACHABLE_CODE = YES;
				CLANG_WARN__DUPLICATE_METHOD_MATCH = YES;
				CODE_SIGN_IDENTITY = "iPhone Developer";
				COPY_PHASE_STRIP = NO;
				CURRENT_PROJECT_VERSION = 1;
				DEBUG_INFORMATION_FORMAT = dwarf;
				ENABLE_STRICT_OBJC_MSGSEND = YES;
				ENABLE_TESTABILITY = YES;
				GCC_C_LANGUAGE_STANDARD = gnu11;
				GCC_DYNAMIC_NO_PIC = NO;
				GCC_NO_COMMON_BLOCKS = YES;
				GCC_OPTIMIZATION_LEVEL = 0;
				GCC_PREPROCESSOR_DEFINITIONS = (
					"DEBUG=1",
					"$(inherited)",
				);
				GCC_WARN_64_TO_32_BIT_CONVERSION = YES;
				GCC_WARN_ABOUT_RETURN_TYPE = YES_ERROR;
				GCC_WARN_UNDECLARED_SELECTOR = YES;
				GCC_WARN_UNINITIALIZED_AUTOS = YES_AGGRESSIVE;
				GCC_WARN_UNUSED_FUNCTION = YES;
				GCC_WARN_UNUSED_VARIABLE = YES;
				IPHONEOS_DEPLOYMENT_TARGET = 12.2;
				MTL_ENABLE_DEBUG_INFO = INCLUDE_SOURCE;
				MTL_FAST_MATH = YES;
				ONLY_ACTIVE_ARCH = YES;
				SDKROOT = iphoneos;
				SWIFT_ACTIVE_COMPILATION_CONDITIONS = DEBUG;
				SWIFT_OPTIMIZATION_LEVEL = "-Onone";
				VERSIONING_SYSTEM = "apple-generic";
				VERSION_INFO_PREFIX = "";
			};
			name = Debug;
		};
		789064A7229FC42700EE31FC /* Release */ = {
			isa = XCBuildConfiguration;
			buildSettings = {
				ALWAYS_SEARCH_USER_PATHS = NO;
				CLANG_ANALYZER_NONNULL = YES;
				CLANG_ANALYZER_NUMBER_OBJECT_CONVERSION = YES_AGGRESSIVE;
				CLANG_CXX_LANGUAGE_STANDARD = "gnu++14";
				CLANG_CXX_LIBRARY = "libc++";
				CLANG_ENABLE_MODULES = YES;
				CLANG_ENABLE_OBJC_ARC = YES;
				CLANG_ENABLE_OBJC_WEAK = YES;
				CLANG_WARN_BLOCK_CAPTURE_AUTORELEASING = YES;
				CLANG_WARN_BOOL_CONVERSION = YES;
				CLANG_WARN_COMMA = YES;
				CLANG_WARN_CONSTANT_CONVERSION = YES;
				CLANG_WARN_DEPRECATED_OBJC_IMPLEMENTATIONS = YES;
				CLANG_WARN_DIRECT_OBJC_ISA_USAGE = YES_ERROR;
				CLANG_WARN_DOCUMENTATION_COMMENTS = YES;
				CLANG_WARN_EMPTY_BODY = YES;
				CLANG_WARN_ENUM_CONVERSION = YES;
				CLANG_WARN_INFINITE_RECURSION = YES;
				CLANG_WARN_INT_CONVERSION = YES;
				CLANG_WARN_NON_LITERAL_NULL_CONVERSION = YES;
				CLANG_WARN_OBJC_IMPLICIT_RETAIN_SELF = YES;
				CLANG_WARN_OBJC_LITERAL_CONVERSION = YES;
				CLANG_WARN_OBJC_ROOT_CLASS = YES_ERROR;
				CLANG_WARN_RANGE_LOOP_ANALYSIS = YES;
				CLANG_WARN_STRICT_PROTOTYPES = YES;
				CLANG_WARN_SUSPICIOUS_MOVE = YES;
				CLANG_WARN_UNGUARDED_AVAILABILITY = YES_AGGRESSIVE;
				CLANG_WARN_UNREACHABLE_CODE = YES;
				CLANG_WARN__DUPLICATE_METHOD_MATCH = YES;
				CODE_SIGN_IDENTITY = "iPhone Developer";
				COPY_PHASE_STRIP = NO;
				CURRENT_PROJECT_VERSION = 1;
				DEBUG_INFORMATION_FORMAT = "dwarf-with-dsym";
				ENABLE_NS_ASSERTIONS = NO;
				ENABLE_STRICT_OBJC_MSGSEND = YES;
				GCC_C_LANGUAGE_STANDARD = gnu11;
				GCC_NO_COMMON_BLOCKS = YES;
				GCC_WARN_64_TO_32_BIT_CONVERSION = YES;
				GCC_WARN_ABOUT_RETURN_TYPE = YES_ERROR;
				GCC_WARN_UNDECLARED_SELECTOR = YES;
				GCC_WARN_UNINITIALIZED_AUTOS = YES_AGGRESSIVE;
				GCC_WARN_UNUSED_FUNCTION = YES;
				GCC_WARN_UNUSED_VARIABLE = YES;
				IPHONEOS_DEPLOYMENT_TARGET = 12.2;
				MTL_ENABLE_DEBUG_INFO = NO;
				MTL_FAST_MATH = YES;
				SDKROOT = iphoneos;
				SWIFT_COMPILATION_MODE = wholemodule;
				SWIFT_OPTIMIZATION_LEVEL = "-O";
				VALIDATE_PRODUCT = YES;
				VERSIONING_SYSTEM = "apple-generic";
				VERSION_INFO_PREFIX = "";
			};
			name = Release;
		};
		789064A9229FC42700EE31FC /* Debug */ = {
			isa = XCBuildConfiguration;
			baseConfigurationReference = 763E5EFFCDA1004B6FA96FDE /* Pods-Strava.debug.xcconfig */;
			buildSettings = {
				CODE_SIGN_IDENTITY = "";
				CODE_SIGN_STYLE = Automatic;
				DEFINES_MODULE = YES;
				DYLIB_COMPATIBILITY_VERSION = 1;
				DYLIB_CURRENT_VERSION = 1;
				DYLIB_INSTALL_NAME_BASE = "@rpath";
				INFOPLIST_FILE = Strava/Info.plist;
				INSTALL_PATH = "$(LOCAL_LIBRARY_DIR)/Frameworks";
				LD_RUNPATH_SEARCH_PATHS = (
					"$(inherited)",
					"@executable_path/Frameworks",
					"@loader_path/Frameworks",
				);
				PRODUCT_BUNDLE_IDENTIFIER = com.thirstysea.Strava;
				PRODUCT_NAME = "$(TARGET_NAME:c99extidentifier)";
				SKIP_INSTALL = YES;
				SWIFT_VERSION = 5.0;
				TARGETED_DEVICE_FAMILY = "1,2";
			};
			name = Debug;
		};
		789064AA229FC42700EE31FC /* Release */ = {
			isa = XCBuildConfiguration;
			baseConfigurationReference = C43D19235C0937612196B661 /* Pods-Strava.release.xcconfig */;
			buildSettings = {
				CODE_SIGN_IDENTITY = "";
				CODE_SIGN_STYLE = Automatic;
				DEFINES_MODULE = YES;
				DYLIB_COMPATIBILITY_VERSION = 1;
				DYLIB_CURRENT_VERSION = 1;
				DYLIB_INSTALL_NAME_BASE = "@rpath";
				INFOPLIST_FILE = Strava/Info.plist;
				INSTALL_PATH = "$(LOCAL_LIBRARY_DIR)/Frameworks";
				LD_RUNPATH_SEARCH_PATHS = (
					"$(inherited)",
					"@executable_path/Frameworks",
					"@loader_path/Frameworks",
				);
				PRODUCT_BUNDLE_IDENTIFIER = com.thirstysea.Strava;
				PRODUCT_NAME = "$(TARGET_NAME:c99extidentifier)";
				SKIP_INSTALL = YES;
				SWIFT_VERSION = 5.0;
				TARGETED_DEVICE_FAMILY = "1,2";
			};
			name = Release;
		};
		789064AC229FC42700EE31FC /* Debug */ = {
			isa = XCBuildConfiguration;
			baseConfigurationReference = 4C95D4B6D649825A2F6FCB7B /* Pods-StravaTests.debug.xcconfig */;
			buildSettings = {
				CODE_SIGN_STYLE = Automatic;
				INFOPLIST_FILE = StravaTests/Info.plist;
				LD_RUNPATH_SEARCH_PATHS = (
					"$(inherited)",
					"@executable_path/Frameworks",
					"@loader_path/Frameworks",
				);
				PRODUCT_BUNDLE_IDENTIFIER = com.thirstysea.StravaTests;
				PRODUCT_NAME = "$(TARGET_NAME)";
				SWIFT_VERSION = 5.0;
				TARGETED_DEVICE_FAMILY = "1,2";
			};
			name = Debug;
		};
		789064AD229FC42700EE31FC /* Release */ = {
			isa = XCBuildConfiguration;
			baseConfigurationReference = DF30FACB6BC39FB9802584B0 /* Pods-StravaTests.release.xcconfig */;
			buildSettings = {
				CODE_SIGN_STYLE = Automatic;
				INFOPLIST_FILE = StravaTests/Info.plist;
				LD_RUNPATH_SEARCH_PATHS = (
					"$(inherited)",
					"@executable_path/Frameworks",
					"@loader_path/Frameworks",
				);
				PRODUCT_BUNDLE_IDENTIFIER = com.thirstysea.StravaTests;
				PRODUCT_NAME = "$(TARGET_NAME)";
				SWIFT_VERSION = 5.0;
				TARGETED_DEVICE_FAMILY = "1,2";
			};
			name = Release;
		};
/* End XCBuildConfiguration section */

/* Begin XCConfigurationList section */
		7890648E229FC42700EE31FC /* Build configuration list for PBXProject "Strava" */ = {
			isa = XCConfigurationList;
			buildConfigurations = (
				789064A6229FC42700EE31FC /* Debug */,
				789064A7229FC42700EE31FC /* Release */,
			);
			defaultConfigurationIsVisible = 0;
			defaultConfigurationName = Release;
		};
		789064A8229FC42700EE31FC /* Build configuration list for PBXNativeTarget "Strava" */ = {
			isa = XCConfigurationList;
			buildConfigurations = (
				789064A9229FC42700EE31FC /* Debug */,
				789064AA229FC42700EE31FC /* Release */,
			);
			defaultConfigurationIsVisible = 0;
			defaultConfigurationName = Release;
		};
		789064AB229FC42700EE31FC /* Build configuration list for PBXNativeTarget "StravaTests" */ = {
			isa = XCConfigurationList;
			buildConfigurations = (
				789064AC229FC42700EE31FC /* Debug */,
				789064AD229FC42700EE31FC /* Release */,
			);
			defaultConfigurationIsVisible = 0;
			defaultConfigurationName = Release;
		};
/* End XCConfigurationList section */
	};
	rootObject = 7890648B229FC42700EE31FC /* Project object */;
}
